// !$*UTF8*$!
{
	archiveVersion = 1;
	classes = {
	};
	objectVersion = 50;
	objects = {

/* Begin PBXBuildFile section */
		A0DB6962209A11C200D586CB /* AppDelegate.swift in Sources */ = {isa = PBXBuildFile; fileRef = A0DB6961209A11C200D586CB /* AppDelegate.swift */; };
		A0DB6964209A11C200D586CB /* ViewController.swift in Sources */ = {isa = PBXBuildFile; fileRef = A0DB6963209A11C200D586CB /* ViewController.swift */; };
		A0DB6967209A11C200D586CB /* Main.storyboard in Resources */ = {isa = PBXBuildFile; fileRef = A0DB6965209A11C200D586CB /* Main.storyboard */; };
		A0DB6969209A11C300D586CB /* Assets.xcassets in Resources */ = {isa = PBXBuildFile; fileRef = A0DB6968209A11C300D586CB /* Assets.xcassets */; };
		A0DB696C209A11C300D586CB /* LaunchScreen.storyboard in Resources */ = {isa = PBXBuildFile; fileRef = A0DB696A209A11C300D586CB /* LaunchScreen.storyboard */; };
		A0DB6990209A6EBE00D586CB /* pokemon.csv in Resources */ = {isa = PBXBuildFile; fileRef = A0DB698F209A6EBE00D586CB /* pokemon.csv */; };
		A0DB6993209A70BC00D586CB /* pokemon.swift in Sources */ = {isa = PBXBuildFile; fileRef = A0DB6992209A70BC00D586CB /* pokemon.swift */; };
		A0DB6996209A7A6E00D586CB /* PokeCell.swift in Sources */ = {isa = PBXBuildFile; fileRef = A0DB6995209A7A6E00D586CB /* PokeCell.swift */; };
		A0DB6998209BA6D800D586CB /* csv.swift in Sources */ = {isa = PBXBuildFile; fileRef = A0DB6997209BA6D800D586CB /* csv.swift */; };
		A0DB699F209BAC7000D586CB /* Pokemon Solid.ttf in Resources */ = {isa = PBXBuildFile; fileRef = A0DB699E209BAC7000D586CB /* Pokemon Solid.ttf */; };
		A0DB69A1209BAD2A00D586CB /* music.png in Resources */ = {isa = PBXBuildFile; fileRef = A0DB69A0209BAD2A00D586CB /* music.png */; };
		A0DB69A3209BAD4800D586CB /* music.mp3 in Resources */ = {isa = PBXBuildFile; fileRef = A0DB69A2209BAD4800D586CB /* music.mp3 */; };
/* End PBXBuildFile section */

/* Begin PBXContainerItemProxy section */
		A0DB6973209A11C300D586CB /* PBXContainerItemProxy */ = {
			isa = PBXContainerItemProxy;
			containerPortal = A0DB6956209A11C200D586CB /* Project object */;
			proxyType = 1;
			remoteGlobalIDString = A0DB695D209A11C200D586CB;
			remoteInfo = Pokedex;
		};
		A0DB697E209A11C300D586CB /* PBXContainerItemProxy */ = {
			isa = PBXContainerItemProxy;
			containerPortal = A0DB6956209A11C200D586CB /* Project object */;
			proxyType = 1;
			remoteGlobalIDString = A0DB695D209A11C200D586CB;
			remoteInfo = Pokedex;
		};
/* End PBXContainerItemProxy section */

/* Begin PBXFileReference section */
		A0DB695E209A11C200D586CB /* Pokedex.app */ = {isa = PBXFileReference; explicitFileType = wrapper.application; includeInIndex = 0; path = Pokedex.app; sourceTree = BUILT_PRODUCTS_DIR; };
		A0DB6961209A11C200D586CB /* AppDelegate.swift */ = {isa = PBXFileReference; lastKnownFileType = sourcecode.swift; path = AppDelegate.swift; sourceTree = "<group>"; };
		A0DB6963209A11C200D586CB /* ViewController.swift */ = {isa = PBXFileReference; lastKnownFileType = sourcecode.swift; path = ViewController.swift; sourceTree = "<group>"; };
		A0DB6966209A11C200D586CB /* Base */ = {isa = PBXFileReference; lastKnownFileType = file.storyboard; name = Base; path = Base.lproj/Main.storyboard; sourceTree = "<group>"; };
		A0DB6968209A11C300D586CB /* Assets.xcassets */ = {isa = PBXFileReference; lastKnownFileType = folder.assetcatalog; path = Assets.xcassets; sourceTree = "<group>"; };
		A0DB696B209A11C300D586CB /* Base */ = {isa = PBXFileReference; lastKnownFileType = file.storyboard; name = Base; path = Base.lproj/LaunchScreen.storyboard; sourceTree = "<group>"; };
		A0DB696D209A11C300D586CB /* Info.plist */ = {isa = PBXFileReference; lastKnownFileType = text.plist.xml; path = Info.plist; sourceTree = "<group>"; };
		A0DB6972209A11C300D586CB /* PokedexTests.xctest */ = {isa = PBXFileReference; explicitFileType = wrapper.cfbundle; includeInIndex = 0; path = PokedexTests.xctest; sourceTree = BUILT_PRODUCTS_DIR; };
		A0DB697D209A11C300D586CB /* PokedexUITests.xctest */ = {isa = PBXFileReference; explicitFileType = wrapper.cfbundle; includeInIndex = 0; path = PokedexUITests.xctest; sourceTree = BUILT_PRODUCTS_DIR; };
		A0DB698F209A6EBE00D586CB /* pokemon.csv */ = {isa = PBXFileReference; fileEncoding = 4; lastKnownFileType = text; path = pokemon.csv; sourceTree = "<group>"; };
		A0DB6992209A70BC00D586CB /* pokemon.swift */ = {isa = PBXFileReference; lastKnownFileType = sourcecode.swift; path = pokemon.swift; sourceTree = "<group>"; };
		A0DB6995209A7A6E00D586CB /* PokeCell.swift */ = {isa = PBXFileReference; lastKnownFileType = sourcecode.swift; path = PokeCell.swift; sourceTree = "<group>"; };
		A0DB6997209BA6D800D586CB /* csv.swift */ = {isa = PBXFileReference; fileEncoding = 4; lastKnownFileType = sourcecode.swift; path = csv.swift; sourceTree = "<group>"; };
		A0DB699E209BAC7000D586CB /* Pokemon Solid.ttf */ = {isa = PBXFileReference; lastKnownFileType = file; path = "Pokemon Solid.ttf"; sourceTree = "<group>"; };
		A0DB69A0209BAD2A00D586CB /* music.png */ = {isa = PBXFileReference; lastKnownFileType = image.png; path = music.png; sourceTree = "<group>"; };
		A0DB69A2209BAD4800D586CB /* music.mp3 */ = {isa = PBXFileReference; lastKnownFileType = audio.mp3; path = music.mp3; sourceTree = "<group>"; };
/* End PBXFileReference section */

/* Begin PBXFrameworksBuildPhase section */
		A0DB695B209A11C200D586CB /* Frameworks */ = {
			isa = PBXFrameworksBuildPhase;
			buildActionMask = 2147483647;
			files = (
			);
			runOnlyForDeploymentPostprocessing = 0;
		};
		A0DB696F209A11C300D586CB /* Frameworks */ = {
			isa = PBXFrameworksBuildPhase;
			buildActionMask = 2147483647;
			files = (
			);
			runOnlyForDeploymentPostprocessing = 0;
		};
		A0DB697A209A11C300D586CB /* Frameworks */ = {
			isa = PBXFrameworksBuildPhase;
			buildActionMask = 2147483647;
			files = (
			);
			runOnlyForDeploymentPostprocessing = 0;
		};
/* End PBXFrameworksBuildPhase section */

/* Begin PBXGroup section */
		A0DB6955209A11C200D586CB = {
			isa = PBXGroup;
			children = (
				A0DB6960209A11C200D586CB /* Pokedex */,
				A0DB695F209A11C200D586CB /* Products */,
			);
			sourceTree = "<group>";
		};
		A0DB695F209A11C200D586CB /* Products */ = {
			isa = PBXGroup;
			children = (
				A0DB695E209A11C200D586CB /* Pokedex.app */,
				A0DB6972209A11C300D586CB /* PokedexTests.xctest */,
				A0DB697D209A11C300D586CB /* PokedexUITests.xctest */,
			);
			name = Products;
			sourceTree = "<group>";
		};
		A0DB6960209A11C200D586CB /* Pokedex */ = {
			isa = PBXGroup;
			children = (
				A0DB6991209A709D00D586CB /* Model */,
				A0DB6994209A7A3C00D586CB /* View */,
				A0DB699B209BAAC200D586CB /* Controller */,
				A0DB699C209BAAD500D586CB /* Resources */,
				A0DB699D209BAB0000D586CB /* Util */,
				A0DB6961209A11C200D586CB /* AppDelegate.swift */,
				A0DB6965209A11C200D586CB /* Main.storyboard */,
				A0DB6968209A11C300D586CB /* Assets.xcassets */,
				A0DB696A209A11C300D586CB /* LaunchScreen.storyboard */,
				A0DB696D209A11C300D586CB /* Info.plist */,
			);
			path = Pokedex;
			sourceTree = "<group>";
		};
		A0DB6991209A709D00D586CB /* Model */ = {
			isa = PBXGroup;
			children = (
				A0DB6992209A70BC00D586CB /* pokemon.swift */,
			);
			path = Model;
			sourceTree = "<group>";
		};
		A0DB6994209A7A3C00D586CB /* View */ = {
			isa = PBXGroup;
			children = (
				A0DB6995209A7A6E00D586CB /* PokeCell.swift */,
			);
			path = View;
			sourceTree = "<group>";
		};
		A0DB699B209BAAC200D586CB /* Controller */ = {
			isa = PBXGroup;
			children = (
				A0DB6963209A11C200D586CB /* ViewController.swift */,
			);
			path = Controller;
			sourceTree = "<group>";
		};
		A0DB699C209BAAD500D586CB /* Resources */ = {
			isa = PBXGroup;
			children = (
				A0DB699E209BAC7000D586CB /* Pokemon Solid.ttf */,
				A0DB698F209A6EBE00D586CB /* pokemon.csv */,
				A0DB69A2209BAD4800D586CB /* music.mp3 */,
				A0DB69A0209BAD2A00D586CB /* music.png */,
			);
			path = Resources;
			sourceTree = "<group>";
		};
		A0DB699D209BAB0000D586CB /* Util */ = {
			isa = PBXGroup;
			children = (
				A0DB6997209BA6D800D586CB /* csv.swift */,
			);
			path = Util;
			sourceTree = "<group>";
		};
/* End PBXGroup section */

/* Begin PBXNativeTarget section */
		A0DB695D209A11C200D586CB /* Pokedex */ = {
			isa = PBXNativeTarget;
			buildConfigurationList = A0DB6986209A11C300D586CB /* Build configuration list for PBXNativeTarget "Pokedex" */;
			buildPhases = (
				A0DB695A209A11C200D586CB /* Sources */,
				A0DB695B209A11C200D586CB /* Frameworks */,
				A0DB695C209A11C200D586CB /* Resources */,
			);
			buildRules = (
			);
			dependencies = (
			);
			name = Pokedex;
			productName = Pokedex;
			productReference = A0DB695E209A11C200D586CB /* Pokedex.app */;
			productType = "com.apple.product-type.application";
		};
		A0DB6971209A11C300D586CB /* PokedexTests */ = {
			isa = PBXNativeTarget;
			buildConfigurationList = A0DB6989209A11C300D586CB /* Build configuration list for PBXNativeTarget "PokedexTests" */;
			buildPhases = (
				A0DB696E209A11C300D586CB /* Sources */,
				A0DB696F209A11C300D586CB /* Frameworks */,
				A0DB6970209A11C300D586CB /* Resources */,
			);
			buildRules = (
			);
			dependencies = (
				A0DB6974209A11C300D586CB /* PBXTargetDependency */,
			);
			name = PokedexTests;
			productName = PokedexTests;
			productReference = A0DB6972209A11C300D586CB /* PokedexTests.xctest */;
			productType = "com.apple.product-type.bundle.unit-test";
		};
		A0DB697C209A11C300D586CB /* PokedexUITests */ = {
			isa = PBXNativeTarget;
			buildConfigurationList = A0DB698C209A11C300D586CB /* Build configuration list for PBXNativeTarget "PokedexUITests" */;
			buildPhases = (
				A0DB6979209A11C300D586CB /* Sources */,
				A0DB697A209A11C300D586CB /* Frameworks */,
				A0DB697B209A11C300D586CB /* Resources */,
			);
			buildRules = (
			);
			dependencies = (
				A0DB697F209A11C300D586CB /* PBXTargetDependency */,
			);
			name = PokedexUITests;
			productName = PokedexUITests;
			productReference = A0DB697D209A11C300D586CB /* PokedexUITests.xctest */;
			productType = "com.apple.product-type.bundle.ui-testing";
		};
/* End PBXNativeTarget section */

/* Begin PBXProject section */
		A0DB6956209A11C200D586CB /* Project object */ = {
			isa = PBXProject;
			attributes = {
				LastSwiftUpdateCheck = 0930;
				LastUpgradeCheck = 0930;
				ORGANIZATIONNAME = iris;
				TargetAttributes = {
					A0DB695D209A11C200D586CB = {
						CreatedOnToolsVersion = 9.3;
					};
					A0DB6971209A11C300D586CB = {
						CreatedOnToolsVersion = 9.3;
						TestTargetID = A0DB695D209A11C200D586CB;
					};
					A0DB697C209A11C300D586CB = {
						CreatedOnToolsVersion = 9.3;
						TestTargetID = A0DB695D209A11C200D586CB;
					};
				};
			};
			buildConfigurationList = A0DB6959209A11C200D586CB /* Build configuration list for PBXProject "Pokedex" */;
			compatibilityVersion = "Xcode 9.3";
			developmentRegion = en;
			hasScannedForEncodings = 0;
			knownRegions = (
				en,
				Base,
			);
			mainGroup = A0DB6955209A11C200D586CB;
			productRefGroup = A0DB695F209A11C200D586CB /* Products */;
			projectDirPath = "";
			projectRoot = "";
			targets = (
				A0DB695D209A11C200D586CB /* Pokedex */,
				A0DB6971209A11C300D586CB /* PokedexTests */,
				A0DB697C209A11C300D586CB /* PokedexUITests */,
			);
		};
/* End PBXProject section */

/* Begin PBXResourcesBuildPhase section */
		A0DB695C209A11C200D586CB /* Resources */ = {
			isa = PBXResourcesBuildPhase;
			buildActionMask = 2147483647;
			files = (
				A0DB699F209BAC7000D586CB /* Pokemon Solid.ttf in Resources */,
				A0DB696C209A11C300D586CB /* LaunchScreen.storyboard in Resources */,
				A0DB6969209A11C300D586CB /* Assets.xcassets in Resources */,
				A0DB6990209A6EBE00D586CB /* pokemon.csv in Resources */,
				A0DB6967209A11C200D586CB /* Main.storyboard in Resources */,
				A0DB69A3209BAD4800D586CB /* music.mp3 in Resources */,
				A0DB69A1209BAD2A00D586CB /* music.png in Resources */,
			);
			runOnlyForDeploymentPostprocessing = 0;
		};
		A0DB6970209A11C300D586CB /* Resources */ = {
			isa = PBXResourcesBuildPhase;
			buildActionMask = 2147483647;
			files = (
			);
			runOnlyForDeploymentPostprocessing = 0;
		};
		A0DB697B209A11C300D586CB /* Resources */ = {
			isa = PBXResourcesBuildPhase;
			buildActionMask = 2147483647;
			files = (
			);
			runOnlyForDeploymentPostprocessing = 0;
		};
/* End PBXResourcesBuildPhase section */

/* Begin PBXSourcesBuildPhase section */
		A0DB695A209A11C200D586CB /* Sources */ = {
			isa = PBXSourcesBuildPhase;
			buildActionMask = 2147483647;
			files = (
				A0DB6996209A7A6E00D586CB /* PokeCell.swift in Sources */,
				A0DB6993209A70BC00D586CB /* pokemon.swift in Sources */,
				A0DB6964209A11C200D586CB /* ViewController.swift in Sources */,
				A0DB6962209A11C200D586CB /* AppDelegate.swift in Sources */,
				A0DB6998209BA6D800D586CB /* csv.swift in Sources */,
			);
			runOnlyForDeploymentPostprocessing = 0;
		};
		A0DB696E209A11C300D586CB /* Sources */ = {
			isa = PBXSourcesBuildPhase;
			buildActionMask = 2147483647;
			files = (
			);
			runOnlyForDeploymentPostprocessing = 0;
		};
		A0DB6979209A11C300D586CB /* Sources */ = {
			isa = PBXSourcesBuildPhase;
			buildActionMask = 2147483647;
			files = (
			);
			runOnlyForDeploymentPostprocessing = 0;
		};
/* End PBXSourcesBuildPhase section */

/* Begin PBXTargetDependency section */
		A0DB6974209A11C300D586CB /* PBXTargetDependency */ = {
			isa = PBXTargetDependency;
			target = A0DB695D209A11C200D586CB /* Pokedex */;
			targetProxy = A0DB6973209A11C300D586CB /* PBXContainerItemProxy */;
		};
		A0DB697F209A11C300D586CB /* PBXTargetDependency */ = {
			isa = PBXTargetDependency;
			target = A0DB695D209A11C200D586CB /* Pokedex */;
			targetProxy = A0DB697E209A11C300D586CB /* PBXContainerItemProxy */;
		};
/* End PBXTargetDependency section */

/* Begin PBXVariantGroup section */
		A0DB6965209A11C200D586CB /* Main.storyboard */ = {
			isa = PBXVariantGroup;
			children = (
				A0DB6966209A11C200D586CB /* Base */,
			);
			name = Main.storyboard;
			sourceTree = "<group>";
		};
		A0DB696A209A11C300D586CB /* LaunchScreen.storyboard */ = {
			isa = PBXVariantGroup;
			children = (
				A0DB696B209A11C300D586CB /* Base */,
			);
			name = LaunchScreen.storyboard;
			sourceTree = "<group>";
		};
/* End PBXVariantGroup section */

/* Begin XCBuildConfiguration section */
		A0DB6984209A11C300D586CB /* Debug */ = {
			isa = XCBuildConfiguration;
			buildSettings = {
				ALWAYS_SEARCH_USER_PATHS = NO;
				CLANG_ANALYZER_NONNULL = YES;
				CLANG_ANALYZER_NUMBER_OBJECT_CONVERSION = YES_AGGRESSIVE;
				CLANG_CXX_LANGUAGE_STANDARD = "gnu++14";
				CLANG_CXX_LIBRARY = "libc++";
				CLANG_ENABLE_MODULES = YES;
				CLANG_ENABLE_OBJC_ARC = YES;
				CLANG_ENABLE_OBJC_WEAK = YES;
				CLANG_WARN_BLOCK_CAPTURE_AUTORELEASING = YES;
				CLANG_WARN_BOOL_CONVERSION = YES;
				CLANG_WARN_COMMA = YES;
				CLANG_WARN_CONSTANT_CONVERSION = YES;
				CLANG_WARN_DEPRECATED_OBJC_IMPLEMENTATIONS = YES;
				CLANG_WARN_DIRECT_OBJC_ISA_USAGE = YES_ERROR;
				CLANG_WARN_DOCUMENTATION_COMMENTS = YES;
				CLANG_WARN_EMPTY_BODY = YES;
				CLANG_WARN_ENUM_CONVERSION = YES;
				CLANG_WARN_INFINITE_RECURSION = YES;
				CLANG_WARN_INT_CONVERSION = YES;
				CLANG_WARN_NON_LITERAL_NULL_CONVERSION = YES;
				CLANG_WARN_OBJC_IMPLICIT_RETAIN_SELF = YES;
				CLANG_WARN_OBJC_LITERAL_CONVERSION = YES;
				CLANG_WARN_OBJC_ROOT_CLASS = YES_ERROR;
				CLANG_WARN_RANGE_LOOP_ANALYSIS = YES;
				CLANG_WARN_STRICT_PROTOTYPES = YES;
				CLANG_WARN_SUSPICIOUS_MOVE = YES;
				CLANG_WARN_UNGUARDED_AVAILABILITY = YES_AGGRESSIVE;
				CLANG_WARN_UNREACHABLE_CODE = YES;
				CLANG_WARN__DUPLICATE_METHOD_MATCH = YES;
				CODE_SIGN_IDENTITY = "iPhone Developer";
				COPY_PHASE_STRIP = NO;
				DEBUG_INFORMATION_FORMAT = dwarf;
				ENABLE_STRICT_OBJC_MSGSEND = YES;
				ENABLE_TESTABILITY = YES;
				GCC_C_LANGUAGE_STANDARD = gnu11;
				GCC_DYNAMIC_NO_PIC = NO;
				GCC_NO_COMMON_BLOCKS = YES;
				GCC_OPTIMIZATION_LEVEL = 0;
				GCC_PREPROCESSOR_DEFINITIONS = (
					"DEBUG=1",
					"$(inherited)",
				);
				GCC_WARN_64_TO_32_BIT_CONVERSION = YES;
				GCC_WARN_ABOUT_RETURN_TYPE = YES_ERROR;
				GCC_WARN_UNDECLARED_SELECTOR = YES;
				GCC_WARN_UNINITIALIZED_AUTOS = YES_AGGRESSIVE;
				GCC_WARN_UNUSED_FUNCTION = YES;
				GCC_WARN_UNUSED_VARIABLE = YES;
				IPHONEOS_DEPLOYMENT_TARGET = 11.3;
				MTL_ENABLE_DEBUG_INFO = YES;
				ONLY_ACTIVE_ARCH = YES;
				SDKROOT = iphoneos;
				SWIFT_ACTIVE_COMPILATION_CONDITIONS = DEBUG;
				SWIFT_OPTIMIZATION_LEVEL = "-Onone";
			};
			name = Debug;
		};
		A0DB6985209A11C300D586CB /* Release */ = {
			isa = XCBuildConfiguration;
			buildSettings = {
				ALWAYS_SEARCH_USER_PATHS = NO;
				CLANG_ANALYZER_NONNULL = YES;
				CLANG_ANALYZER_NUMBER_OBJECT_CONVERSION = YES_AGGRESSIVE;
				CLANG_CXX_LANGUAGE_STANDARD = "gnu++14";
				CLANG_CXX_LIBRARY = "libc++";
				CLANG_ENABLE_MODULES = YES;
				CLANG_ENABLE_OBJC_ARC = YES;
				CLANG_ENABLE_OBJC_WEAK = YES;
				CLANG_WARN_BLOCK_CAPTURE_AUTORELEASING = YES;
				CLANG_WARN_BOOL_CONVERSION = YES;
				CLANG_WARN_COMMA = YES;
				CLANG_WARN_CONSTANT_CONVERSION = YES;
				CLANG_WARN_DEPRECATED_OBJC_IMPLEMENTATIONS = YES;
				CLANG_WARN_DIRECT_OBJC_ISA_USAGE = YES_ERROR;
				CLANG_WARN_DOCUMENTATION_COMMENTS = YES;
				CLANG_WARN_EMPTY_BODY = YES;
				CLANG_WARN_ENUM_CONVERSION = YES;
				CLANG_WARN_INFINITE_RECURSION = YES;
				CLANG_WARN_INT_CONVERSION = YES;
				CLANG_WARN_NON_LITERAL_NULL_CONVERSION = YES;
				CLANG_WARN_OBJC_IMPLICIT_RETAIN_SELF = YES;
				CLANG_WARN_OBJC_LITERAL_CONVERSION = YES;
				CLANG_WARN_OBJC_ROOT_CLASS = YES_ERROR;
				CLANG_WARN_RANGE_LOOP_ANALYSIS = YES;
				CLANG_WARN_STRICT_PROTOTYPES = YES;
				CLANG_WARN_SUSPICIOUS_MOVE = YES;
				CLANG_WARN_UNGUARDED_AVAILABILITY = YES_AGGRESSIVE;
				CLANG_WARN_UNREACHABLE_CODE = YES;
				CLANG_WARN__DUPLICATE_METHOD_MATCH = YES;
				CODE_SIGN_IDENTITY = "iPhone Developer";
				COPY_PHASE_STRIP = NO;
				DEBUG_INFORMATION_FORMAT = "dwarf-with-dsym";
				ENABLE_NS_ASSERTIONS = NO;
				ENABLE_STRICT_OBJC_MSGSEND = YES;
				GCC_C_LANGUAGE_STANDARD = gnu11;
				GCC_NO_COMMON_BLOCKS = YES;
				GCC_WARN_64_TO_32_BIT_CONVERSION = YES;
				GCC_WARN_ABOUT_RETURN_TYPE = YES_ERROR;
				GCC_WARN_UNDECLARED_SELECTOR = YES;
				GCC_WARN_UNINITIALIZED_AUTOS = YES_AGGRESSIVE;
				GCC_WARN_UNUSED_FUNCTION = YES;
				GCC_WARN_UNUSED_VARIABLE = YES;
				IPHONEOS_DEPLOYMENT_TARGET = 11.3;
				MTL_ENABLE_DEBUG_INFO = NO;
				SDKROOT = iphoneos;
				SWIFT_COMPILATION_MODE = wholemodule;
				SWIFT_OPTIMIZATION_LEVEL = "-O";
				VALIDATE_PRODUCT = YES;
			};
			name = Release;
		};
		A0DB6987209A11C300D586CB /* Debug */ = {
			isa = XCBuildConfiguration;
			buildSettings = {
				ASSETCATALOG_COMPILER_APPICON_NAME = AppIcon;
				CODE_SIGN_STYLE = Automatic;
				DEVELOPMENT_TEAM = T3D72Z7BFW;
				INFOPLIST_FILE = Pokedex/Info.plist;
				LD_RUNPATH_SEARCH_PATHS = (
					"$(inherited)",
					"@executable_path/Frameworks",
				);
				PRODUCT_BUNDLE_IDENTIFIER = com.Iris.Pokedex;
				PRODUCT_NAME = "$(TARGET_NAME)";
				SWIFT_VERSION = 4.0;
				TARGETED_DEVICE_FAMILY = "1,2";
			};
			name = Debug;
		};
		A0DB6988209A11C300D586CB /* Release */ = {
			isa = XCBuildConfiguration;
			buildSettings = {
				ASSETCATALOG_COMPILER_APPICON_NAME = AppIcon;
				CODE_SIGN_STYLE = Automatic;
				DEVELOPMENT_TEAM = T3D72Z7BFW;
				INFOPLIST_FILE = Pokedex/Info.plist;
				LD_RUNPATH_SEARCH_PATHS = (
					"$(inherited)",
					"@executable_path/Frameworks",
				);
				PRODUCT_BUNDLE_IDENTIFIER = com.Iris.Pokedex;
				PRODUCT_NAME = "$(TARGET_NAME)";
				SWIFT_VERSION = 4.0;
				TARGETED_DEVICE_FAMILY = "1,2";
			};
			name = Release;
		};
		A0DB698A209A11C300D586CB /* Debug */ = {
			isa = XCBuildConfiguration;
			buildSettings = {
				ALWAYS_EMBED_SWIFT_STANDARD_LIBRARIES = YES;
				BUNDLE_LOADER = "$(TEST_HOST)";
				CODE_SIGN_STYLE = Automatic;
				DEVELOPMENT_TEAM = T3D72Z7BFW;
				INFOPLIST_FILE = PokedexTests/Info.plist;
				LD_RUNPATH_SEARCH_PATHS = (
					"$(inherited)",
					"@executable_path/Frameworks",
					"@loader_path/Frameworks",
				);
				PRODUCT_BUNDLE_IDENTIFIER = com.Iris.PokedexTests;
				PRODUCT_NAME = "$(TARGET_NAME)";
				SWIFT_VERSION = 4.0;
				TARGETED_DEVICE_FAMILY = "1,2";
				TEST_HOST = "$(BUILT_PRODUCTS_DIR)/Pokedex.app/Pokedex";
			};
			name = Debug;
		};
		A0DB698B209A11C300D586CB /* Release */ = {
			isa = XCBuildConfiguration;
			buildSettings = {
				ALWAYS_EMBED_SWIFT_STANDARD_LIBRARIES = YES;
				BUNDLE_LOADER = "$(TEST_HOST)";
				CODE_SIGN_STYLE = Automatic;
				DEVELOPMENT_TEAM = T3D72Z7BFW;
				INFOPLIST_FILE = PokedexTests/Info.plist;
				LD_RUNPATH_SEARCH_PATHS = (
					"$(inherited)",
					"@executable_path/Frameworks",
					"@loader_path/Frameworks",
				);
				PRODUCT_BUNDLE_IDENTIFIER = com.Iris.PokedexTests;
				PRODUCT_NAME = "$(TARGET_NAME)";
				SWIFT_VERSION = 4.0;
				TARGETED_DEVICE_FAMILY = "1,2";
				TEST_HOST = "$(BUILT_PRODUCTS_DIR)/Pokedex.app/Pokedex";
			};
			name = Release;
		};
		A0DB698D209A11C300D586CB /* Debug */ = {
			isa = XCBuildConfiguration;
			buildSettings = {
				ALWAYS_EMBED_SWIFT_STANDARD_LIBRARIES = YES;
				CODE_SIGN_STYLE = Automatic;
				DEVELOPMENT_TEAM = T3D72Z7BFW;
				INFOPLIST_FILE = PokedexUITests/Info.plist;
				LD_RUNPATH_SEARCH_PATHS = (
					"$(inherited)",
					"@executable_path/Frameworks",
					"@loader_path/Frameworks",
				);
				PRODUCT_BUNDLE_IDENTIFIER = com.Iris.PokedexUITests;
				PRODUCT_NAME = "$(TARGET_NAME)";
				SWIFT_VERSION = 4.0;
				TARGETED_DEVICE_FAMILY = "1,2";
				TEST_TARGET_NAME = Pokedex;
			};
			name = Debug;
		};
		A0DB698E209A11C300D586CB /* Release */ = {
			isa = XCBuildConfiguration;
			buildSettings = {
				ALWAYS_EMBED_SWIFT_STANDARD_LIBRARIES = YES;
				CODE_SIGN_STYLE = Automatic;
				DEVELOPMENT_TEAM = T3D72Z7BFW;
				INFOPLIST_FILE = PokedexUITests/Info.plist;
				LD_RUNPATH_SEARCH_PATHS = (
					"$(inherited)",
					"@executable_path/Frameworks",
					"@loader_path/Frameworks",
				);
				PRODUCT_BUNDLE_IDENTIFIER = com.Iris.PokedexUITests;
				PRODUCT_NAME = "$(TARGET_NAME)";
				SWIFT_VERSION = 4.0;
				TARGETED_DEVICE_FAMILY = "1,2";
				TEST_TARGET_NAME = Pokedex;
			};
			name = Release;
		};
/* End XCBuildConfiguration section */

/* Begin XCConfigurationList section */
		A0DB6959209A11C200D586CB /* Build configuration list for PBXProject "Pokedex" */ = {
			isa = XCConfigurationList;
			buildConfigurations = (
				A0DB6984209A11C300D586CB /* Debug */,
				A0DB6985209A11C300D586CB /* Release */,
			);
			defaultConfigurationIsVisible = 0;
			defaultConfigurationName = Release;
		};
		A0DB6986209A11C300D586CB /* Build configuration list for PBXNativeTarget "Pokedex" */ = {
			isa = XCConfigurationList;
			buildConfigurations = (
				A0DB6987209A11C300D586CB /* Debug */,
				A0DB6988209A11C300D586CB /* Release */,
			);
			defaultConfigurationIsVisible = 0;
			defaultConfigurationName = Release;
		};
		A0DB6989209A11C300D586CB /* Build configuration list for PBXNativeTarget "PokedexTests" */ = {
			isa = XCConfigurationList;
			buildConfigurations = (
				A0DB698A209A11C300D586CB /* Debug */,
				A0DB698B209A11C300D586CB /* Release */,
			);
			defaultConfigurationIsVisible = 0;
			defaultConfigurationName = Release;
		};
		A0DB698C209A11C300D586CB /* Build configuration list for PBXNativeTarget "PokedexUITests" */ = {
			isa = XCConfigurationList;
			buildConfigurations = (
				A0DB698D209A11C300D586CB /* Debug */,
				A0DB698E209A11C300D586CB /* Release */,
			);
			defaultConfigurationIsVisible = 0;
			defaultConfigurationName = Release;
		};
/* End XCConfigurationList section */
	};
	rootObject = A0DB6956209A11C200D586CB /* Project object */;
}
